<?xml version="1.0" encoding="utf-8"?>
<Project ToolsVersion="4.0" xmlns="http://schemas.microsoft.com/developer/msbuild/2003">
  <ItemGroup>
    <Filter Include="State">
      <UniqueIdentifier>{74ca40c8-cdc0-4bc6-b7b8-0e3ec2b12240}</UniqueIdentifier>
    </Filter>
  </ItemGroup>
  <ItemGroup>
    <ClInclude Include="State\DownloadDiffState.h">
      <Filter>State</Filter>
    </ClInclude>
    <ClInclude Include="State\DownloadFileState.h">
      <Filter>State</Filter>
    </ClInclude>
    <ClInclude Include="State\FindDiffState.h">
      <Filter>State</Filter>
    </ClInclude>
    <ClInclude Include="State\ParserFilelistState.h">
      <Filter>State</Filter>
    </ClInclude>
    <ClInclude Include="DownloadLauncher.h" />
  </ItemGroup>
  <ItemGroup>
    <ClCompile Include="State\DownloadDiffState.cpp">
      <Filter>State</Filter>
    </ClCompile>
    <ClCompile Include="State\DownloadFileState.cpp">
      <Filter>State</Filter>
    </ClCompile>
    <ClCompile Include="State\FindDiffState.cpp">
      <Filter>State</Filter>
    </ClCompile>
    <ClCompile Include="State\ParserFilelistState.cpp">
      <Filter>State</Filter>
    </ClCompile>
    <ClCompile Include="DownloadLauncher.cpp" />
  </ItemGroup>
  <ItemGroup>
    <None Include="packages.config" />
  </ItemGroup>
</Project>