<?xml version="1.0" encoding="utf-8"?>
<Project ToolsVersion="4.0" xmlns="http://schemas.microsoft.com/developer/msbuild/2003">
  <ItemGroup>
    <ClCompile Include="PackingLauncher.cpp" />
    <ClCompile Include="Step\MergeFileList.cpp" />
    <ClCompile Include="Step\SaveDataAdapter.cpp" />
    <ClCompile Include="Step\ScanResourceFolder.cpp" />
    <ClCompile Include="Step\VersionUpdater.cpp" />
    <ClCompile Include="Step\WriteToFile.cpp" />
  </ItemGroup>
  <ItemGroup>
    <ClInclude Include="PackingLauncher.h" />
    <ClInclude Include="Step\MergeFileList.h" />
    <ClInclude Include="Step\SaveDataAdapter.h" />
    <ClInclude Include="Step\ScanResourceFolder.h" />
    <ClInclude Include="Step\VersionUpdater.h" />
    <ClInclude Include="Step\WriteToFile.h" />
  </ItemGroup>
  <ItemGroup>
    <Filter Include="Step">
      <UniqueIdentifier>{729dbbb4-1561-49cd-898c-3f8315f7fa36}</UniqueIdentifier>
    </Filter>
  </ItemGroup>
  <ItemGroup>
    <None Include="packages.config" />
  </ItemGroup>
</Project>