<?xml version="1.0" encoding="utf-8"?>
<Project ToolsVersion="4.0" xmlns="http://schemas.microsoft.com/developer/msbuild/2003">
  <ItemGroup>
    <ClCompile Include="PackingLauncher.cpp" />
    <ClCompile Include="MergeFileList.cpp">
      <Filter>Step</Filter>
    </ClCompile>
    <ClCompile Include="VersionUpdater.cpp">
      <Filter>Step</Filter>
    </ClCompile>
    <ClCompile Include="ScanResourceFolder.cpp">
      <Filter>Step</Filter>
    </ClCompile>
    <ClCompile Include="WriteToFile.cpp">
      <Filter>Step</Filter>
    </ClCompile>
    <ClCompile Include="SaveDataAdapter.cpp" />
  </ItemGroup>
  <ItemGroup>
    <ClInclude Include="PackingLauncher.h" />
    <ClInclude Include="MergeFileList.h">
      <Filter>Step</Filter>
    </ClInclude>
    <ClInclude Include="VersionUpdater.h">
      <Filter>Step</Filter>
    </ClInclude>
    <ClInclude Include="DataDefine.h" />
    <ClInclude Include="ScanResourceFolder.h">
      <Filter>Step</Filter>
    </ClInclude>
    <ClInclude Include="WriteToFile.h">
      <Filter>Step</Filter>
    </ClInclude>
    <ClInclude Include="SaveDataAdapter.h" />
  </ItemGroup>
  <ItemGroup>
    <Filter Include="Step">
      <UniqueIdentifier>{729dbbb4-1561-49cd-898c-3f8315f7fa36}</UniqueIdentifier>
    </Filter>
  </ItemGroup>
  <ItemGroup>
    <None Include="packages.config" />
  </ItemGroup>
</Project>