<?xml version="1.0" encoding="utf-8"?>
<Project ToolsVersion="4.0" xmlns="http://schemas.microsoft.com/developer/msbuild/2003">
  <ItemGroup>
    <ClCompile Include="PackingLauncher.cpp" />
    <ClCompile Include="GetCurrentVer.cpp">
      <Filter>Step</Filter>
    </ClCompile>
    <ClCompile Include="CreateZip.cpp">
      <Filter>Step</Filter>
    </ClCompile>
    <ClCompile Include="FileListMaker.cpp">
      <Filter>Step</Filter>
    </ClCompile>
    <ClCompile Include="GetFileList.cpp">
      <Filter>Step</Filter>
    </ClCompile>
    <ClCompile Include="MergeFileList.cpp">
      <Filter>Step</Filter>
    </ClCompile>
    <ClCompile Include="SaveFilelist.cpp">
      <Filter>Step</Filter>
    </ClCompile>
    <ClCompile Include="VersionUpdater.cpp">
      <Filter>Step</Filter>
    </ClCompile>
  </ItemGroup>
  <ItemGroup>
    <ClInclude Include="PackingLauncher.h" />
    <ClInclude Include="GetCurrentVer.h">
      <Filter>Step</Filter>
    </ClInclude>
    <ClInclude Include="CreateZip.h">
      <Filter>Step</Filter>
    </ClInclude>
    <ClInclude Include="FileListMaker.h">
      <Filter>Step</Filter>
    </ClInclude>
    <ClInclude Include="GetFileList.h">
      <Filter>Step</Filter>
    </ClInclude>
    <ClInclude Include="MergeFileList.h">
      <Filter>Step</Filter>
    </ClInclude>
    <ClInclude Include="SaveFilelist.h">
      <Filter>Step</Filter>
    </ClInclude>
    <ClInclude Include="VersionUpdater.h">
      <Filter>Step</Filter>
    </ClInclude>
  </ItemGroup>
  <ItemGroup>
    <Filter Include="Step">
      <UniqueIdentifier>{729dbbb4-1561-49cd-898c-3f8315f7fa36}</UniqueIdentifier>
    </Filter>
  </ItemGroup>
</Project>