<?xml version="1.0" encoding="utf-8"?>
<Project ToolsVersion="4.0" xmlns="http://schemas.microsoft.com/developer/msbuild/2003">
  <ItemGroup>
    <Filter Include="StateMachine">
      <UniqueIdentifier>{a8dc112c-f3c1-47a4-b36f-362c30b14460}</UniqueIdentifier>
    </Filter>
    <Filter Include="MD5">
      <UniqueIdentifier>{137b4a58-00c7-448d-a7c8-74d5e46c01ed}</UniqueIdentifier>
    </Filter>
    <Filter Include="DataDefine">
      <UniqueIdentifier>{acd9c90d-b235-4999-9c39-efb7ee94a0c5}</UniqueIdentifier>
    </Filter>
    <Filter Include="File">
      <UniqueIdentifier>{fe274e20-8258-4997-8e9d-7d5b4aabc013}</UniqueIdentifier>
    </Filter>
    <Filter Include="Curl">
      <UniqueIdentifier>{18e6f488-2fd8-416c-9001-6d4276e0b2e5}</UniqueIdentifier>
    </Filter>
    <Filter Include="HttpDownload">
      <UniqueIdentifier>{0cdfc199-ed9e-455a-9ea6-82a211df53cf}</UniqueIdentifier>
    </Filter>
    <Filter Include="Receive">
      <UniqueIdentifier>{7f13c31b-cd60-4efc-9b73-49ba8b0b31ba}</UniqueIdentifier>
    </Filter>
    <Filter Include="linq">
      <UniqueIdentifier>{929d9cc3-9d28-4202-9eba-743c0c4be710}</UniqueIdentifier>
    </Filter>
  </ItemGroup>
  <ItemGroup>
    <ClInclude Include="StateMachine.h">
      <Filter>StateMachine</Filter>
    </ClInclude>
    <ClInclude Include="IState.h">
      <Filter>StateMachine</Filter>
    </ClInclude>
    <ClInclude Include="CurlHttp.h">
      <Filter>Curl</Filter>
    </ClInclude>
    <ClInclude Include="CurlDebug.h">
      <Filter>Curl</Filter>
    </ClInclude>
    <ClInclude Include="md5.h">
      <Filter>MD5</Filter>
    </ClInclude>
    <ClInclude Include="DataDefine.h">
      <Filter>DataDefine</Filter>
    </ClInclude>
    <ClInclude Include="ReadLocalVersionFile.h" />
    <ClInclude Include="IReadable.h" />
    <ClInclude Include="Reader.h" />
    <ClInclude Include="ReceiveDone.h">
      <Filter>Receive</Filter>
    </ClInclude>
    <ClInclude Include="ReceiverFacade.h">
      <Filter>Receive</Filter>
    </ClInclude>
    <ClInclude Include="IDownloadable.h">
      <Filter>HttpDownload</Filter>
    </ClInclude>
    <ClInclude Include="ReceiveWriteData.h">
      <Filter>Receive</Filter>
    </ClInclude>
    <ClInclude Include="ReceiveProgress.h">
      <Filter>Receive</Filter>
    </ClInclude>
    <ClInclude Include="ProgressAdapter.h">
      <Filter>Curl</Filter>
    </ClInclude>
    <ClInclude Include="WriteDataAdapter.h">
      <Filter>Curl</Filter>
    </ClInclude>
    <ClInclude Include="FileTool.h">
      <Filter>File</Filter>
    </ClInclude>
    <ClInclude Include="IParser.h">
      <Filter>File</Filter>
    </ClInclude>
    <ClInclude Include="HttpDownloadTask.h">
      <Filter>HttpDownload</Filter>
    </ClInclude>
    <ClInclude Include="FileWriter.h">
      <Filter>File</Filter>
    </ClInclude>
    <ClInclude Include="DownloadProvider.h">
      <Filter>HttpDownload</Filter>
    </ClInclude>
    <ClInclude Include="cpplinq.hpp">
      <Filter>linq</Filter>
    </ClInclude>
    <ClInclude Include="FileListParser.h">
      <Filter>File</Filter>
    </ClInclude>
  </ItemGroup>
  <ItemGroup>
    <ClCompile Include="StateMachine.cpp">
      <Filter>StateMachine</Filter>
    </ClCompile>
    <ClCompile Include="CurlHttp.cpp">
      <Filter>Curl</Filter>
    </ClCompile>
    <ClCompile Include="CurlDebug.cpp">
      <Filter>Curl</Filter>
    </ClCompile>
    <ClCompile Include="md5.cpp">
      <Filter>MD5</Filter>
    </ClCompile>
    <ClCompile Include="ReadLocalVersionFile.cpp" />
    <ClCompile Include="Reader.cpp" />
    <ClCompile Include="ReceiveDone.cpp">
      <Filter>Receive</Filter>
    </ClCompile>
    <ClCompile Include="ReceiverFacade.cpp">
      <Filter>Receive</Filter>
    </ClCompile>
    <ClCompile Include="ReceiveWriteData.cpp">
      <Filter>Receive</Filter>
    </ClCompile>
    <ClCompile Include="ReceiveProgress.cpp">
      <Filter>Receive</Filter>
    </ClCompile>
    <ClCompile Include="ProgressAdapter.cpp">
      <Filter>Curl</Filter>
    </ClCompile>
    <ClCompile Include="WriteDataAdapter.cpp">
      <Filter>Curl</Filter>
    </ClCompile>
    <ClCompile Include="HttpDownloadTask.cpp">
      <Filter>HttpDownload</Filter>
    </ClCompile>
    <ClCompile Include="FileWriter.cpp">
      <Filter>File</Filter>
    </ClCompile>
    <ClCompile Include="DownloadProvider.cpp">
      <Filter>HttpDownload</Filter>
    </ClCompile>
    <ClCompile Include="FileListParser.cpp">
      <Filter>File</Filter>
    </ClCompile>
  </ItemGroup>
</Project>