<?xml version="1.0" encoding="utf-8"?>
<Project ToolsVersion="4.0" xmlns="http://schemas.microsoft.com/developer/msbuild/2003">
  <ItemGroup>
    <Filter Include="StateMachine">
      <UniqueIdentifier>{a8dc112c-f3c1-47a4-b36f-362c30b14460}</UniqueIdentifier>
    </Filter>
    <Filter Include="MD5">
      <UniqueIdentifier>{137b4a58-00c7-448d-a7c8-74d5e46c01ed}</UniqueIdentifier>
    </Filter>
    <Filter Include="DataDefine">
      <UniqueIdentifier>{acd9c90d-b235-4999-9c39-efb7ee94a0c5}</UniqueIdentifier>
    </Filter>
    <Filter Include="File">
      <UniqueIdentifier>{fe274e20-8258-4997-8e9d-7d5b4aabc013}</UniqueIdentifier>
    </Filter>
    <Filter Include="Receive">
      <UniqueIdentifier>{7f13c31b-cd60-4efc-9b73-49ba8b0b31ba}</UniqueIdentifier>
    </Filter>
    <Filter Include="linq">
      <UniqueIdentifier>{929d9cc3-9d28-4202-9eba-743c0c4be710}</UniqueIdentifier>
    </Filter>
    <Filter Include="Curl">
      <UniqueIdentifier>{ce3e0d33-07e6-4aaf-a46e-18caa333dcd4}</UniqueIdentifier>
    </Filter>
    <Filter Include="HttpDownload">
      <UniqueIdentifier>{0cdfc199-ed9e-455a-9ea6-82a211df53cf}</UniqueIdentifier>
    </Filter>
    <Filter Include="ZipUtil">
      <UniqueIdentifier>{305e3603-1f39-4ac9-ae2f-429a3159f8a4}</UniqueIdentifier>
    </Filter>
    <Filter Include="Xml">
      <UniqueIdentifier>{0de9cec7-c3d5-4290-8ccc-add9627f51c5}</UniqueIdentifier>
    </Filter>
  </ItemGroup>
  <ItemGroup>
    <ClInclude Include="DataDefine.h">
      <Filter>DataDefine</Filter>
    </ClInclude>
    <ClInclude Include="Linq\cpplinq.hpp">
      <Filter>linq</Filter>
    </ClInclude>
    <ClInclude Include="MD5\md5.h">
      <Filter>MD5</Filter>
    </ClInclude>
    <ClInclude Include="Receive\ReceiveDone.h">
      <Filter>Receive</Filter>
    </ClInclude>
    <ClInclude Include="Receive\ReceiveProgress.h">
      <Filter>Receive</Filter>
    </ClInclude>
    <ClInclude Include="Receive\ReceiverFacade.h">
      <Filter>Receive</Filter>
    </ClInclude>
    <ClInclude Include="Receive\ReceiveWriteData.h">
      <Filter>Receive</Filter>
    </ClInclude>
    <ClInclude Include="Curl\CurlDebug.h">
      <Filter>Curl</Filter>
    </ClInclude>
    <ClInclude Include="Curl\CurlHttp.h">
      <Filter>Curl</Filter>
    </ClInclude>
    <ClInclude Include="Curl\ProgressAdapter.h">
      <Filter>Curl</Filter>
    </ClInclude>
    <ClInclude Include="Curl\WriteDataAdapter.h">
      <Filter>Curl</Filter>
    </ClInclude>
    <ClInclude Include="File\DataParser.h">
      <Filter>File</Filter>
    </ClInclude>
    <ClInclude Include="File\FileTool.h">
      <Filter>File</Filter>
    </ClInclude>
    <ClInclude Include="File\FileWriter.h">
      <Filter>File</Filter>
    </ClInclude>
    <ClInclude Include="File\IParser.h">
      <Filter>File</Filter>
    </ClInclude>
    <ClInclude Include="HttpDownload\DownloadProvider.h">
      <Filter>HttpDownload</Filter>
    </ClInclude>
    <ClInclude Include="HttpDownload\HttpDownloadTask.h">
      <Filter>HttpDownload</Filter>
    </ClInclude>
    <ClInclude Include="HttpDownload\IDownloadable.h">
      <Filter>HttpDownload</Filter>
    </ClInclude>
    <ClInclude Include="StateMachine\IState.h">
      <Filter>StateMachine</Filter>
    </ClInclude>
    <ClInclude Include="StateMachine\StateMachine.h">
      <Filter>StateMachine</Filter>
    </ClInclude>
    <ClInclude Include="ZipUtil\zip.h">
      <Filter>ZipUtil</Filter>
    </ClInclude>
    <ClInclude Include="ZipUtil\unzip.h">
      <Filter>ZipUtil</Filter>
    </ClInclude>
    <ClInclude Include="Xml\tinyxml2.h">
      <Filter>Xml</Filter>
    </ClInclude>
  </ItemGroup>
  <ItemGroup>
    <None Include="packages.config" />
  </ItemGroup>
  <ItemGroup>
    <ClCompile Include="MD5\md5.cpp">
      <Filter>MD5</Filter>
    </ClCompile>
    <ClCompile Include="Receive\ReceiveDone.cpp">
      <Filter>Receive</Filter>
    </ClCompile>
    <ClCompile Include="Receive\ReceiveProgress.cpp">
      <Filter>Receive</Filter>
    </ClCompile>
    <ClCompile Include="Receive\ReceiverFacade.cpp">
      <Filter>Receive</Filter>
    </ClCompile>
    <ClCompile Include="Receive\ReceiveWriteData.cpp">
      <Filter>Receive</Filter>
    </ClCompile>
    <ClCompile Include="Curl\CurlDebug.cpp">
      <Filter>Curl</Filter>
    </ClCompile>
    <ClCompile Include="Curl\CurlHttp.cpp">
      <Filter>Curl</Filter>
    </ClCompile>
    <ClCompile Include="Curl\ProgressAdapter.cpp">
      <Filter>Curl</Filter>
    </ClCompile>
    <ClCompile Include="Curl\WriteDataAdapter.cpp">
      <Filter>Curl</Filter>
    </ClCompile>
    <ClCompile Include="File\DataParser.cpp">
      <Filter>File</Filter>
    </ClCompile>
    <ClCompile Include="File\FileWriter.cpp">
      <Filter>File</Filter>
    </ClCompile>
    <ClCompile Include="HttpDownload\DownloadProvider.cpp">
      <Filter>HttpDownload</Filter>
    </ClCompile>
    <ClCompile Include="HttpDownload\HttpDownloadTask.cpp">
      <Filter>HttpDownload</Filter>
    </ClCompile>
    <ClCompile Include="StateMachine\StateMachine.cpp">
      <Filter>StateMachine</Filter>
    </ClCompile>
    <ClCompile Include="ZipUtil\unzip.cpp">
      <Filter>ZipUtil</Filter>
    </ClCompile>
    <ClCompile Include="ZipUtil\zip.cpp">
      <Filter>ZipUtil</Filter>
    </ClCompile>
    <ClCompile Include="Xml\tinyxml2.cpp">
      <Filter>Xml</Filter>
    </ClCompile>
  </ItemGroup>
</Project>